
Microsoft Visual Studio Solution File, Format Version 12.00
# Visual Studio Version 16
VisualStudioVersion = 16.0.31019.35
MinimumVisualStudioVersion = 10.0.40219.1
Project("{FAE04EC0-301F-11D3-BF4B-00C04F79EFBC}") = "HariOmImpex_LMS", "HariOmImpex_LMS.csproj", "{5DB0B562-9D32-4D17-BCE9-065A17DC53C3}"
EndProject
Project("{54435603-DBB4-11D2-8724-00A0C9A8B90C}") = "Setup", "..\Setup\Setup.vdproj", "{B5EFD559-C12A-4D5E-9D7A-665A4F5F01D4}"
EndProject
Global
	GlobalSection(SolutionConfigurationPlatforms) = preSolution
		Debug|Any CPU = Debug|Any CPU
		Release|Any CPU = Release|Any CPU
	EndGlobalSection
	GlobalSection(ProjectConfigurationPlatforms) = postSolution
		{5DB0B562-9D32-4D17-BCE9-065A17DC53C3}.Debug|Any CPU.ActiveCfg = Debug|Any CPU
		{5DB0B562-9D32-4D17-BCE9-065A17DC53C3}.Debug|Any CPU.Build.0 = Debug|Any CPU
		{5DB0B562-9D32-4D17-BCE9-065A17DC53C3}.Release|Any CPU.ActiveCfg = Release|Any CPU
		{5DB0B562-9D32-4D17-BCE9-065A17DC53C3}.Release|Any CPU.Build.0 = Release|Any CPU
		{B5EFD559-C12A-4D5E-9D7A-665A4F5F01D4}.Debug|Any CPU.ActiveCfg = Debug
		{B5EFD559-C12A-4D5E-9D7A-665A4F5F01D4}.Release|Any CPU.ActiveCfg = Release
	EndGlobalSection
	GlobalSection(SolutionProperties) = preSolution
		HideSolutionNode = FALSE
	EndGlobalSection
	GlobalSection(ExtensibilityGlobals) = postSolution
		SolutionGuid = {A5687F1B-AF52-412E-B86D-75B6749B902F}
	EndGlobalSection
EndGlobal
